// !$*UTF8*$!
{
	archiveVersion = 1;
	classes = {
	};
	objectVersion = 77;
	objects = {

/* Begin PBXBuildFile section */
		3C8A4E502FD9B40000A8B001 /* HTTPTypes in Frameworks */ = {isa = PBXBuildFile; productRef = 3C8A4E4F2FD9B40000A8B001 /* HTTPTypes */; };
		3C8A4E522FD9B40000A8B001 /* OpenAPIRuntime in Frameworks */ = {isa = PBXBuildFile; productRef = 3C8A4E512FD9B40000A8B001 /* OpenAPIRuntime */; };
		3C8A4E542FD9B40000A8B001 /* OpenAPIURLSession in Frameworks */ = {isa = PBXBuildFile; productRef = 3C8A4E532FD9B40000A8B001 /* OpenAPIURLSession */; };
/* End PBXBuildFile section */

/* Begin PBXContainerItemProxy section */
		3C62B5332FD8A6FE0056AE47 /* PBXContainerItemProxy */ = {
			isa = PBXContainerItemProxy;
			containerPortal = 3C62B51D2FD8A6FB0056AE47 /* Project object */;
			proxyType = 1;
			remoteGlobalIDString = 3C62B5242FD8A6FB0056AE47;
			remoteInfo = Veckly;
		};
		3C62B53D2FD8A6FE0056AE47 /* PBXContainerItemProxy */ = {
			isa = PBXContainerItemProxy;
			containerPortal = 3C62B51D2FD8A6FB0056AE47 /* Project object */;
			proxyType = 1;
			remoteGlobalIDString = 3C62B5242FD8A6FB0056AE47;
			remoteInfo = Veckly;
		};
/* End PBXContainerItemProxy section */

/* Begin PBXFileReference section */
		3C62B5252FD8A6FB0056AE47 /* Veckly.app */ = {isa = PBXFileReference; explicitFileType = wrapper.application; includeInIndex = 0; path = Veckly.app; sourceTree = BUILT_PRODUCTS_DIR; };
		3C62B5322FD8A6FE0056AE47 /* VecklyTests.xctest */ = {isa = PBXFileReference; explicitFileType = wrapper.cfbundle; includeInIndex = 0; path = VecklyTests.xctest; sourceTree = BUILT_PRODUCTS_DIR; };
		3C62B53C2FD8A6FE0056AE47 /* VecklyUITests.xctest */ = {isa = PBXFileReference; explicitFileType = wrapper.cfbundle; includeInIndex = 0; path = VecklyUITests.xctest; sourceTree = BUILT_PRODUCTS_DIR; };
/* End PBXFileReference section */

/* Begin PBXFileSystemSynchronizedRootGroup section */
		3C62B5272FD8A6FB0056AE47 /* Veckly */ = {
			isa = PBXFileSystemSynchronizedRootGroup;
			path = Veckly;
			sourceTree = "<group>";
		};
		3C62B5352FD8A6FE0056AE47 /* VecklyTests */ = {
			isa = PBXFileSystemSynchronizedRootGroup;
			path = VecklyTests;
			sourceTree = "<group>";
		};
		3C62B53F2FD8A6FE0056AE47 /* VecklyUITests */ = {
			isa = PBXFileSystemSynchronizedRootGroup;
			path = VecklyUITests;
			sourceTree = "<group>";
		};
/* End PBXFileSystemSynchronizedRootGroup section */

/* Begin PBXFrameworksBuildPhase section */
		3C62B5222FD8A6FB0056AE47 /* Frameworks */ = {
			isa = PBXFrameworksBuildPhase;
			buildActionMask = 2147483647;
			files = (
				3C8A4E502FD9B40000A8B001 /* HTTPTypes in Frameworks */,
				3C8A4E522FD9B40000A8B001 /* OpenAPIRuntime in Frameworks */,
				3C8A4E542FD9B40000A8B001 /* OpenAPIURLSession in Frameworks */,
			);
			runOnlyForDeploymentPostprocessing = 0;
		};
		3C62B52F2FD8A6FE0056AE47 /* Frameworks */ = {
			isa = PBXFrameworksBuildPhase;
			buildActionMask = 2147483647;
			files = (
			);
			runOnlyForDeploymentPostprocessing = 0;
		};
		3C62B5392FD8A6FE0056AE47 /* Frameworks */ = {
			isa = PBXFrameworksBuildPhase;
			buildActionMask = 2147483647;
			files = (
			);
			runOnlyForDeploymentPostprocessing = 0;
		};
/* End PBXFrameworksBuildPhase section */

/* Begin PBXGroup section */
		3C62B51C2FD8A6FB0056AE47 = {
			isa = PBXGroup;
			children = (
				3C62B5272FD8A6FB0056AE47 /* Veckly */,
				3C62B5352FD8A6FE0056AE47 /* VecklyTests */,
				3C62B53F2FD8A6FE0056AE47 /* VecklyUITests */,
				3C62B5262FD8A6FB0056AE47 /* Products */,
			);
			sourceTree = "<group>";
		};
		3C62B5262FD8A6FB0056AE47 /* Products */ = {
			isa = PBXGroup;
			children = (
				3C62B5252FD8A6FB0056AE47 /* Veckly.app */,
				3C62B5322FD8A6FE0056AE47 /* VecklyTests.xctest */,
				3C62B53C2FD8A6FE0056AE47 /* VecklyUITests.xctest */,
			);
			name = Products;
			sourceTree = "<group>";
		};
/* End PBXGroup section */

/* Begin PBXNativeTarget section */
		3C62B5242FD8A6FB0056AE47 /* Veckly */ = {
			isa = PBXNativeTarget;
			buildConfigurationList = 3C62B5462FD8A6FE0056AE47 /* Build configuration list for PBXNativeTarget "Veckly" */;
			buildPhases = (
				3C62B5212FD8A6FB0056AE47 /* Sources */,
				3C62B5222FD8A6FB0056AE47 /* Frameworks */,
				3C62B5232FD8A6FB0056AE47 /* Resources */,
			);
			buildRules = (
			);
			dependencies = (
			);
			fileSystemSynchronizedGroups = (
				3C62B5272FD8A6FB0056AE47 /* Veckly */,
			);
			name = Veckly;
			packageProductDependencies = (
				3C8A4E4F2FD9B40000A8B001 /* HTTPTypes */,
				3C8A4E512FD9B40000A8B001 /* OpenAPIRuntime */,
				3C8A4E532FD9B40000A8B001 /* OpenAPIURLSession */,
			);
			productName = Veckly;
			productReference = 3C62B5252FD8A6FB0056AE47 /* Veckly.app */;
			productType = "com.apple.product-type.application";
		};
		3C62B5312FD8A6FE0056AE47 /* VecklyTests */ = {
			isa = PBXNativeTarget;
			buildConfigurationList = 3C62B5492FD8A6FE0056AE47 /* Build configuration list for PBXNativeTarget "VecklyTests" */;
			buildPhases = (
				3C62B52E2FD8A6FE0056AE47 /* Sources */,
				3C62B52F2FD8A6FE0056AE47 /* Frameworks */,
				3C62B5302FD8A6FE0056AE47 /* Resources */,
			);
			buildRules = (
			);
			dependencies = (
				3C62B5342FD8A6FE0056AE47 /* PBXTargetDependency */,
			);
			fileSystemSynchronizedGroups = (
				3C62B5352FD8A6FE0056AE47 /* VecklyTests */,
			);
			name = VecklyTests;
			packageProductDependencies = (
			);
			productName = VecklyTests;
			productReference = 3C62B5322FD8A6FE0056AE47 /* VecklyTests.xctest */;
			productType = "com.apple.product-type.bundle.unit-test";
		};
		3C62B53B2FD8A6FE0056AE47 /* VecklyUITests */ = {
			isa = PBXNativeTarget;
			buildConfigurationList = 3C62B54C2FD8A6FE0056AE47 /* Build configuration list for PBXNativeTarget "VecklyUITests" */;
			buildPhases = (
				3C62B5382FD8A6FE0056AE47 /* Sources */,
				3C62B5392FD8A6FE0056AE47 /* Frameworks */,
				3C62B53A2FD8A6FE0056AE47 /* Resources */,
			);
			buildRules = (
			);
			dependencies = (
				3C62B53E2FD8A6FE0056AE47 /* PBXTargetDependency */,
			);
			fileSystemSynchronizedGroups = (
				3C62B53F2FD8A6FE0056AE47 /* VecklyUITests */,
			);
			name = VecklyUITests;
			packageProductDependencies = (
			);
			productName = VecklyUITests;
			productReference = 3C62B53C2FD8A6FE0056AE47 /* VecklyUITests.xctest */;
			productType = "com.apple.product-type.bundle.ui-testing";
		};
/* End PBXNativeTarget section */

/* Begin PBXProject section */
		3C62B51D2FD8A6FB0056AE47 /* Project object */ = {
			isa = PBXProject;
			attributes = {
				BuildIndependentTargetsInParallel = 1;
				LastSwiftUpdateCheck = 2650;
				LastUpgradeCheck = 2650;
				TargetAttributes = {
					3C62B5242FD8A6FB0056AE47 = {
						CreatedOnToolsVersion = 26.5;
					};
					3C62B5312FD8A6FE0056AE47 = {
						CreatedOnToolsVersion = 26.5;
						TestTargetID = 3C62B5242FD8A6FB0056AE47;
					};
					3C62B53B2FD8A6FE0056AE47 = {
						CreatedOnToolsVersion = 26.5;
						TestTargetID = 3C62B5242FD8A6FB0056AE47;
					};
				};
			};
			buildConfigurationList = 3C62B5202FD8A6FB0056AE47 /* Build configuration list for PBXProject "Veckly" */;
			developmentRegion = en;
			hasScannedForEncodings = 0;
			knownRegions = (
				en,
				Base,
			);
			mainGroup = 3C62B51C2FD8A6FB0056AE47;
			minimizedProjectReferenceProxies = 1;
			packageReferences = (
				3C8A4E492FD9B40000A8B001 /* XCRemoteSwiftPackageReference "swift-http-types" */,
				3C8A4E4B2FD9B40000A8B001 /* XCRemoteSwiftPackageReference "swift-openapi-runtime" */,
				3C8A4E4D2FD9B40000A8B001 /* XCRemoteSwiftPackageReference "swift-openapi-urlsession" */,
			);
			preferredProjectObjectVersion = 77;
			productRefGroup = 3C62B5262FD8A6FB0056AE47 /* Products */;
			projectDirPath = "";
			projectRoot = "";
			targets = (
				3C62B5242FD8A6FB0056AE47 /* Veckly */,
				3C62B5312FD8A6FE0056AE47 /* VecklyTests */,
				3C62B53B2FD8A6FE0056AE47 /* VecklyUITests */,
			);
		};
/* End PBXProject section */

/* Begin PBXResourcesBuildPhase section */
		3C62B5232FD8A6FB0056AE47 /* Resources */ = {
			isa = PBXResourcesBuildPhase;
			buildActionMask = 2147483647;
			files = (
			);
			runOnlyForDeploymentPostprocessing = 0;
		};
		3C62B5302FD8A6FE0056AE47 /* Resources */ = {
			isa = PBXResourcesBuildPhase;
			buildActionMask = 2147483647;
			files = (
			);
			runOnlyForDeploymentPostprocessing = 0;
		};
		3C62B53A2FD8A6FE0056AE47 /* Resources */ = {
			isa = PBXResourcesBuildPhase;
			buildActionMask = 2147483647;
			files = (
			);
			runOnlyForDeploymentPostprocessing = 0;
		};
/* End PBXResourcesBuildPhase section */

/* Begin PBXSourcesBuildPhase section */
		3C62B5212FD8A6FB0056AE47 /* Sources */ = {
			isa = PBXSourcesBuildPhase;
			buildActionMask = 2147483647;
			files = (
			);
			runOnlyForDeploymentPostprocessing = 0;
		};
		3C62B52E2FD8A6FE0056AE47 /* Sources */ = {
			isa = PBXSourcesBuildPhase;
			buildActionMask = 2147483647;
			files = (
			);
			runOnlyForDeploymentPostprocessing = 0;
		};
		3C62B5382FD8A6FE0056AE47 /* Sources */ = {
			isa = PBXSourcesBuildPhase;
			buildActionMask = 2147483647;
			files = (
			);
			runOnlyForDeploymentPostprocessing = 0;
		};
/* End PBXSourcesBuildPhase section */

/* Begin PBXTargetDependency section */
		3C62B5342FD8A6FE0056AE47 /* PBXTargetDependency */ = {
			isa = PBXTargetDependency;
			target = 3C62B5242FD8A6FB0056AE47 /* Veckly */;
			targetProxy = 3C62B5332FD8A6FE0056AE47 /* PBXContainerItemProxy */;
		};
		3C62B53E2FD8A6FE0056AE47 /* PBXTargetDependency */ = {
			isa = PBXTargetDependency;
			target = 3C62B5242FD8A6FB0056AE47 /* Veckly */;
			targetProxy = 3C62B53D2FD8A6FE0056AE47 /* PBXContainerItemProxy */;
		};
/* End PBXTargetDependency section */

/* Begin XCBuildConfiguration section */
		3C62B5442FD8A6FE0056AE47 /* Debug */ = {
			isa = XCBuildConfiguration;
			buildSettings = {
				ALWAYS_SEARCH_USER_PATHS = NO;
				ASSETCATALOG_COMPILER_GENERATE_SWIFT_ASSET_SYMBOL_EXTENSIONS = YES;
				CLANG_ANALYZER_NONNULL = YES;
				CLANG_ANALYZER_NUMBER_OBJECT_CONVERSION = YES_AGGRESSIVE;
				CLANG_CXX_LANGUAGE_STANDARD = "gnu++20";
				CLANG_ENABLE_MODULES = YES;
				CLANG_ENABLE_OBJC_ARC = YES;
				CLANG_ENABLE_OBJC_WEAK = YES;
				CLANG_WARN_BLOCK_CAPTURE_AUTORELEASING = YES;
				CLANG_WARN_BOOL_CONVERSION = YES;
				CLANG_WARN_COMMA = YES;
				CLANG_WARN_CONSTANT_CONVERSION = YES;
				CLANG_WARN_DEPRECATED_OBJC_IMPLEMENTATIONS = YES;
				CLANG_WARN_DIRECT_OBJC_ISA_USAGE = YES_ERROR;
				CLANG_WARN_DOCUMENTATION_COMMENTS = YES;
				CLANG_WARN_EMPTY_BODY = YES;
				CLANG_WARN_ENUM_CONVERSION = YES;
				CLANG_WARN_INFINITE_RECURSION = YES;
				CLANG_WARN_INT_CONVERSION = YES;
				CLANG_WARN_NON_LITERAL_NULL_CONVERSION = YES;
				CLANG_WARN_OBJC_IMPLICIT_RETAIN_SELF = YES;
				CLANG_WARN_OBJC_LITERAL_CONVERSION = YES;
				CLANG_WARN_OBJC_ROOT_CLASS = YES_ERROR;
				CLANG_WARN_QUOTED_INCLUDE_IN_FRAMEWORK_HEADER = YES;
				CLANG_WARN_RANGE_LOOP_ANALYSIS = YES;
				CLANG_WARN_STRICT_PROTOTYPES = YES;
				CLANG_WARN_SUSPICIOUS_MOVE = YES;
				CLANG_WARN_UNGUARDED_AVAILABILITY = YES_AGGRESSIVE;
				CLANG_WARN_UNREACHABLE_CODE = YES;
				CLANG_WARN__DUPLICATE_METHOD_MATCH = YES;
				COPY_PHASE_STRIP = NO;
				DEBUG_INFORMATION_FORMAT = dwarf;
				ENABLE_STRICT_OBJC_MSGSEND = YES;
				ENABLE_TESTABILITY = YES;
				ENABLE_USER_SCRIPT_SANDBOXING = YES;
				GCC_C_LANGUAGE_STANDARD = gnu17;
				GCC_DYNAMIC_NO_PIC = NO;
				GCC_NO_COMMON_BLOCKS = YES;
				GCC_OPTIMIZATION_LEVEL = 0;
				GCC_PREPROCESSOR_DEFINITIONS = (
					"DEBUG=1",
					"$(inherited)",
				);
				GCC_WARN_64_TO_32_BIT_CONVERSION = YES;
				GCC_WARN_ABOUT_RETURN_TYPE = YES_ERROR;
				GCC_WARN_UNDECLARED_SELECTOR = YES;
				GCC_WARN_UNINITIALIZED_AUTOS = YES_AGGRESSIVE;
				GCC_WARN_UNUSED_FUNCTION = YES;
				GCC_WARN_UNUSED_VARIABLE = YES;
				IPHONEOS_DEPLOYMENT_TARGET = 26.5;
				LOCALIZATION_PREFERS_STRING_CATALOGS = YES;
				MTL_ENABLE_DEBUG_INFO = INCLUDE_SOURCE;
				MTL_FAST_MATH = YES;
				ONLY_ACTIVE_ARCH = YES;
				SDKROOT = iphoneos;
				SWIFT_ACTIVE_COMPILATION_CONDITIONS = "DEBUG $(inherited)";
				SWIFT_OPTIMIZATION_LEVEL = "-Onone";
			};
			name = Debug;
		};
		3C62B5452FD8A6FE0056AE47 /* Release */ = {
			isa = XCBuildConfiguration;
			buildSettings = {
				ALWAYS_SEARCH_USER_PATHS = NO;
				ASSETCATALOG_COMPILER_GENERATE_SWIFT_ASSET_SYMBOL_EXTENSIONS = YES;
				CLANG_ANALYZER_NONNULL = YES;
				CLANG_ANALYZER_NUMBER_OBJECT_CONVERSION = YES_AGGRESSIVE;
				CLANG_CXX_LANGUAGE_STANDARD = "gnu++20";
				CLANG_ENABLE_MODULES = YES;
				CLANG_ENABLE_OBJC_ARC = YES;
				CLANG_ENABLE_OBJC_WEAK = YES;
				CLANG_WARN_BLOCK_CAPTURE_AUTORELEASING = YES;
				CLANG_WARN_BOOL_CONVERSION = YES;
				CLANG_WARN_COMMA = YES;
				CLANG_WARN_CONSTANT_CONVERSION = YES;
				CLANG_WARN_DEPRECATED_OBJC_IMPLEMENTATIONS = YES;
				CLANG_WARN_DIRECT_OBJC_ISA_USAGE = YES_ERROR;
				CLANG_WARN_DOCUMENTATION_COMMENTS = YES;
				CLANG_WARN_EMPTY_BODY = YES;
				CLANG_WARN_ENUM_CONVERSION = YES;
				CLANG_WARN_INFINITE_RECURSION = YES;
				CLANG_WARN_INT_CONVERSION = YES;
				CLANG_WARN_NON_LITERAL_NULL_CONVERSION = YES;
				CLANG_WARN_OBJC_IMPLICIT_RETAIN_SELF = YES;
				CLANG_WARN_OBJC_LITERAL_CONVERSION = YES;
				CLANG_WARN_OBJC_ROOT_CLASS = YES_ERROR;
				CLANG_WARN_QUOTED_INCLUDE_IN_FRAMEWORK_HEADER = YES;
				CLANG_WARN_RANGE_LOOP_ANALYSIS = YES;
				CLANG_WARN_STRICT_PROTOTYPES = YES;
				CLANG_WARN_SUSPICIOUS_MOVE = YES;
				CLANG_WARN_UNGUARDED_AVAILABILITY = YES_AGGRESSIVE;
				CLANG_WARN_UNREACHABLE_CODE = YES;
				CLANG_WARN__DUPLICATE_METHOD_MATCH = YES;
				COPY_PHASE_STRIP = NO;
				DEBUG_INFORMATION_FORMAT = "dwarf-with-dsym";
				ENABLE_NS_ASSERTIONS = NO;
				ENABLE_STRICT_OBJC_MSGSEND = YES;
				ENABLE_USER_SCRIPT_SANDBOXING = YES;
				GCC_C_LANGUAGE_STANDARD = gnu17;
				GCC_NO_COMMON_BLOCKS = YES;
				GCC_WARN_64_TO_32_BIT_CONVERSION = YES;
				GCC_WARN_ABOUT_RETURN_TYPE = YES_ERROR;
				GCC_WARN_UNDECLARED_SELECTOR = YES;
				GCC_WARN_UNINITIALIZED_AUTOS = YES_AGGRESSIVE;
				GCC_WARN_UNUSED_FUNCTION = YES;
				GCC_WARN_UNUSED_VARIABLE = YES;
				IPHONEOS_DEPLOYMENT_TARGET = 26.5;
				LOCALIZATION_PREFERS_STRING_CATALOGS = YES;
				MTL_ENABLE_DEBUG_INFO = NO;
				MTL_FAST_MATH = YES;
				SDKROOT = iphoneos;
				SWIFT_COMPILATION_MODE = wholemodule;
				VALIDATE_PRODUCT = YES;
			};
			name = Release;
		};
		3C62B5472FD8A6FE0056AE47 /* Debug */ = {
			isa = XCBuildConfiguration;
			buildSettings = {
				ASSETCATALOG_COMPILER_APPICON_NAME = AppIcon;
				ASSETCATALOG_COMPILER_GLOBAL_ACCENT_COLOR_NAME = AccentColor;
				CODE_SIGN_STYLE = Automatic;
				CURRENT_PROJECT_VERSION = 1;
				DEVELOPMENT_TEAM = TCAU729S7P;
				ENABLE_PREVIEWS = YES;
				GENERATE_INFOPLIST_FILE = YES;
				INFOPLIST_KEY_UIApplicationSceneManifest_Generation = YES;
				INFOPLIST_KEY_UIApplicationSupportsIndirectInputEvents = YES;
				INFOPLIST_KEY_UILaunchScreen_Generation = YES;
				INFOPLIST_KEY_UISupportedInterfaceOrientations_iPad = "UIInterfaceOrientationPortrait UIInterfaceOrientationPortraitUpsideDown UIInterfaceOrientationLandscapeLeft UIInterfaceOrientationLandscapeRight";
				INFOPLIST_KEY_UISupportedInterfaceOrientations_iPhone = "UIInterfaceOrientationPortrait UIInterfaceOrientationLandscapeLeft UIInterfaceOrientationLandscapeRight";
				LD_RUNPATH_SEARCH_PATHS = (
					"$(inherited)",
					"@executable_path/Frameworks",
				);
				MARKETING_VERSION = 1.0;
				PRODUCT_BUNDLE_IDENTIFIER = com.nimaalikhani.Veckly;
				PRODUCT_NAME = "$(TARGET_NAME)";
				STRING_CATALOG_GENERATE_SYMBOLS = YES;
				SWIFT_APPROACHABLE_CONCURRENCY = YES;
				SWIFT_EMIT_LOC_STRINGS = YES;
				SWIFT_UPCOMING_FEATURE_MEMBER_IMPORT_VISIBILITY = YES;
				SWIFT_VERSION = 5.0;
				TARGETED_DEVICE_FAMILY = "1,2";
			};
			name = Debug;
		};
		3C62B5482FD8A6FE0056AE47 /* Release */ = {
			isa = XCBuildConfiguration;
			buildSettings = {
				ASSETCATALOG_COMPILER_APPICON_NAME = AppIcon;
				ASSETCATALOG_COMPILER_GLOBAL_ACCENT_COLOR_NAME = AccentColor;
				CODE_SIGN_STYLE = Automatic;
				CURRENT_PROJECT_VERSION = 1;
				DEVELOPMENT_TEAM = TCAU729S7P;
				ENABLE_PREVIEWS = YES;
				GENERATE_INFOPLIST_FILE = YES;
				INFOPLIST_KEY_UIApplicationSceneManifest_Generation = YES;
				INFOPLIST_KEY_UIApplicationSupportsIndirectInputEvents = YES;
				INFOPLIST_KEY_UILaunchScreen_Generation = YES;
				INFOPLIST_KEY_UISupportedInterfaceOrientations_iPad = "UIInterfaceOrientationPortrait UIInterfaceOrientationPortraitUpsideDown UIInterfaceOrientationLandscapeLeft UIInterfaceOrientationLandscapeRight";
				INFOPLIST_KEY_UISupportedInterfaceOrientations_iPhone = "UIInterfaceOrientationPortrait UIInterfaceOrientationLandscapeLeft UIInterfaceOrientationLandscapeRight";
				LD_RUNPATH_SEARCH_PATHS = (
					"$(inherited)",
					"@executable_path/Frameworks",
				);
				MARKETING_VERSION = 1.0;
				PRODUCT_BUNDLE_IDENTIFIER = com.nimaalikhani.Veckly;
				PRODUCT_NAME = "$(TARGET_NAME)";
				STRING_CATALOG_GENERATE_SYMBOLS = YES;
				SWIFT_APPROACHABLE_CONCURRENCY = YES;
				SWIFT_EMIT_LOC_STRINGS = YES;
				SWIFT_UPCOMING_FEATURE_MEMBER_IMPORT_VISIBILITY = YES;
				SWIFT_VERSION = 5.0;
				TARGETED_DEVICE_FAMILY = "1,2";
			};
			name = Release;
		};
		3C62B54A2FD8A6FE0056AE47 /* Debug */ = {
			isa = XCBuildConfiguration;
			buildSettings = {
				BUNDLE_LOADER = "$(TEST_HOST)";
				CODE_SIGN_STYLE = Automatic;
				CURRENT_PROJECT_VERSION = 1;
				GENERATE_INFOPLIST_FILE = YES;
				IPHONEOS_DEPLOYMENT_TARGET = 26.5;
				MARKETING_VERSION = 1.0;
				PRODUCT_BUNDLE_IDENTIFIER = com.nimaalikhani.VecklyTests;
				PRODUCT_NAME = "$(TARGET_NAME)";
				STRING_CATALOG_GENERATE_SYMBOLS = NO;
				SWIFT_APPROACHABLE_CONCURRENCY = YES;
				SWIFT_EMIT_LOC_STRINGS = NO;
				SWIFT_UPCOMING_FEATURE_MEMBER_IMPORT_VISIBILITY = YES;
				SWIFT_VERSION = 5.0;
				TARGETED_DEVICE_FAMILY = "1,2";
				TEST_HOST = "$(BUILT_PRODUCTS_DIR)/Veckly.app/$(BUNDLE_EXECUTABLE_FOLDER_PATH)/Veckly";
			};
			name = Debug;
		};
		3C62B54B2FD8A6FE0056AE47 /* Release */ = {
			isa = XCBuildConfiguration;
			buildSettings = {
				BUNDLE_LOADER = "$(TEST_HOST)";
				CODE_SIGN_STYLE = Automatic;
				CURRENT_PROJECT_VERSION = 1;
				GENERATE_INFOPLIST_FILE = YES;
				IPHONEOS_DEPLOYMENT_TARGET = 26.5;
				MARKETING_VERSION = 1.0;
				PRODUCT_BUNDLE_IDENTIFIER = com.nimaalikhani.VecklyTests;
				PRODUCT_NAME = "$(TARGET_NAME)";
				STRING_CATALOG_GENERATE_SYMBOLS = NO;
				SWIFT_APPROACHABLE_CONCURRENCY = YES;
				SWIFT_EMIT_LOC_STRINGS = NO;
				SWIFT_UPCOMING_FEATURE_MEMBER_IMPORT_VISIBILITY = YES;
				SWIFT_VERSION = 5.0;
				TARGETED_DEVICE_FAMILY = "1,2";
				TEST_HOST = "$(BUILT_PRODUCTS_DIR)/Veckly.app/$(BUNDLE_EXECUTABLE_FOLDER_PATH)/Veckly";
			};
			name = Release;
		};
		3C62B54D2FD8A6FE0056AE47 /* Debug */ = {
			isa = XCBuildConfiguration;
			buildSettings = {
				CODE_SIGN_STYLE = Automatic;
				CURRENT_PROJECT_VERSION = 1;
				GENERATE_INFOPLIST_FILE = YES;
				MARKETING_VERSION = 1.0;
				PRODUCT_BUNDLE_IDENTIFIER = com.nimaalikhani.VecklyUITests;
				PRODUCT_NAME = "$(TARGET_NAME)";
				STRING_CATALOG_GENERATE_SYMBOLS = NO;
				SWIFT_APPROACHABLE_CONCURRENCY = YES;
				SWIFT_EMIT_LOC_STRINGS = NO;
				SWIFT_UPCOMING_FEATURE_MEMBER_IMPORT_VISIBILITY = YES;
				SWIFT_VERSION = 5.0;
				TARGETED_DEVICE_FAMILY = "1,2";
				TEST_TARGET_NAME = Veckly;
			};
			name = Debug;
		};
		3C62B54E2FD8A6FE0056AE47 /* Release */ = {
			isa = XCBuildConfiguration;
			buildSettings = {
				CODE_SIGN_STYLE = Automatic;
				CURRENT_PROJECT_VERSION = 1;
				GENERATE_INFOPLIST_FILE = YES;
				MARKETING_VERSION = 1.0;
				PRODUCT_BUNDLE_IDENTIFIER = com.nimaalikhani.VecklyUITests;
				PRODUCT_NAME = "$(TARGET_NAME)";
				STRING_CATALOG_GENERATE_SYMBOLS = NO;
				SWIFT_APPROACHABLE_CONCURRENCY = YES;
				SWIFT_EMIT_LOC_STRINGS = NO;
				SWIFT_UPCOMING_FEATURE_MEMBER_IMPORT_VISIBILITY = YES;
				SWIFT_VERSION = 5.0;
				TARGETED_DEVICE_FAMILY = "1,2";
				TEST_TARGET_NAME = Veckly;
			};
			name = Release;
		};
/* End XCBuildConfiguration section */

/* Begin XCConfigurationList section */
		3C62B5202FD8A6FB0056AE47 /* Build configuration list for PBXProject "Veckly" */ = {
			isa = XCConfigurationList;
			buildConfigurations = (
				3C62B5442FD8A6FE0056AE47 /* Debug */,
				3C62B5452FD8A6FE0056AE47 /* Release */,
			);
			defaultConfigurationIsVisible = 0;
			defaultConfigurationName = Release;
		};
		3C62B5462FD8A6FE0056AE47 /* Build configuration list for PBXNativeTarget "Veckly" */ = {
			isa = XCConfigurationList;
			buildConfigurations = (
				3C62B5472FD8A6FE0056AE47 /* Debug */,
				3C62B5482FD8A6FE0056AE47 /* Release */,
			);
			defaultConfigurationIsVisible = 0;
			defaultConfigurationName = Release;
		};
		3C62B5492FD8A6FE0056AE47 /* Build configuration list for PBXNativeTarget "VecklyTests" */ = {
			isa = XCConfigurationList;
			buildConfigurations = (
				3C62B54A2FD8A6FE0056AE47 /* Debug */,
				3C62B54B2FD8A6FE0056AE47 /* Release */,
			);
			defaultConfigurationIsVisible = 0;
			defaultConfigurationName = Release;
		};
		3C62B54C2FD8A6FE0056AE47 /* Build configuration list for PBXNativeTarget "VecklyUITests" */ = {
			isa = XCConfigurationList;
			buildConfigurations = (
				3C62B54D2FD8A6FE0056AE47 /* Debug */,
				3C62B54E2FD8A6FE0056AE47 /* Release */,
			);
			defaultConfigurationIsVisible = 0;
			defaultConfigurationName = Release;
		};
/* End XCConfigurationList section */

/* Begin XCRemoteSwiftPackageReference section */
		3C8A4E492FD9B40000A8B001 /* XCRemoteSwiftPackageReference "swift-http-types" */ = {
			isa = XCRemoteSwiftPackageReference;
			repositoryURL = "https://github.com/apple/swift-http-types";
			requirement = {
				kind = exactVersion;
				version = 1.6.0;
			};
		};
		3C8A4E4B2FD9B40000A8B001 /* XCRemoteSwiftPackageReference "swift-openapi-runtime" */ = {
			isa = XCRemoteSwiftPackageReference;
			repositoryURL = "https://github.com/apple/swift-openapi-runtime";
			requirement = {
				kind = exactVersion;
				version = 1.12.0;
			};
		};
		3C8A4E4D2FD9B40000A8B001 /* XCRemoteSwiftPackageReference "swift-openapi-urlsession" */ = {
			isa = XCRemoteSwiftPackageReference;
			repositoryURL = "https://github.com/apple/swift-openapi-urlsession";
			requirement = {
				kind = exactVersion;
				version = 1.3.0;
			};
		};
/* End XCRemoteSwiftPackageReference section */

/* Begin XCSwiftPackageProductDependency section */
		3C8A4E4F2FD9B40000A8B001 /* HTTPTypes */ = {
			isa = XCSwiftPackageProductDependency;
			package = 3C8A4E492FD9B40000A8B001 /* XCRemoteSwiftPackageReference "swift-http-types" */;
			productName = HTTPTypes;
		};
		3C8A4E512FD9B40000A8B001 /* OpenAPIRuntime */ = {
			isa = XCSwiftPackageProductDependency;
			package = 3C8A4E4B2FD9B40000A8B001 /* XCRemoteSwiftPackageReference "swift-openapi-runtime" */;
			productName = OpenAPIRuntime;
		};
		3C8A4E532FD9B40000A8B001 /* OpenAPIURLSession */ = {
			isa = XCSwiftPackageProductDependency;
			package = 3C8A4E4D2FD9B40000A8B001 /* XCRemoteSwiftPackageReference "swift-openapi-urlsession" */;
			productName = OpenAPIURLSession;
		};
/* End XCSwiftPackageProductDependency section */
	};
	rootObject = 3C62B51D2FD8A6FB0056AE47 /* Project object */;
}
